// !$*UTF8*$!
{
	archiveVersion = 1;
	classes = {
	};
	objectVersion = 63;
	objects = {

/* Begin PBXBuildFile section */
		1407748C2BBC007D0040642B /* AppDelegate.swift in Sources */ = {isa = PBXBuildFile; fileRef = 1407748B2BBC007D0040642B /* AppDelegate.swift */; };
		1407748E2BBC007D0040642B /* SceneDelegate.swift in Sources */ = {isa = PBXBuildFile; fileRef = 1407748D2BBC007D0040642B /* SceneDelegate.swift */; };
		140774902BBC007D0040642B /* URLDownloadVC.swift in Sources */ = {isa = PBXBuildFile; fileRef = 1407748F2BBC007D0040642B /* URLDownloadVC.swift */; };
		140774962BBC007D0040642B /* YouTube_Dowmloader_App.xcdatamodeld in Sources */ = {isa = PBXBuildFile; fileRef = 140774942BBC007D0040642B /* YouTube_Dowmloader_App.xcdatamodeld */; };
		140774982BBC007F0040642B /* Assets.xcassets in Resources */ = {isa = PBXBuildFile; fileRef = 140774972BBC007F0040642B /* Assets.xcassets */; };
		1407749B2BBC007F0040642B /* Base in Resources */ = {isa = PBXBuildFile; fileRef = 1407749A2BBC007F0040642B /* Base */; };
		140774A62BBC007F0040642B /* YouTube_Dowmloader_AppTests.swift in Sources */ = {isa = PBXBuildFile; fileRef = 140774A52BBC007F0040642B /* YouTube_Dowmloader_AppTests.swift */; };
		140774B02BBC007F0040642B /* YouTube_Dowmloader_AppUITests.swift in Sources */ = {isa = PBXBuildFile; fileRef = 140774AF2BBC007F0040642B /* YouTube_Dowmloader_AppUITests.swift */; };
		140774B22BBC007F0040642B /* YouTube_Dowmloader_AppUITestsLaunchTests.swift in Sources */ = {isa = PBXBuildFile; fileRef = 140774B12BBC007F0040642B /* YouTube_Dowmloader_AppUITestsLaunchTests.swift */; };
		1467D14E2BBD94E900C6D8EB /* URLDownloadView.swift in Sources */ = {isa = PBXBuildFile; fileRef = 1467D14D2BBD94E900C6D8EB /* URLDownloadView.swift */; };
		1467D1502BBD950E00C6D8EB /* URLDownloadVM.swift in Sources */ = {isa = PBXBuildFile; fileRef = 1467D14F2BBD950E00C6D8EB /* URLDownloadVM.swift */; };
		1467D1542BBFFA6C00C6D8EB /* TabBarController.swift in Sources */ = {isa = PBXBuildFile; fileRef = 1467D1532BBFFA6B00C6D8EB /* TabBarController.swift */; };
		1467D1582BBFFCE600C6D8EB /* SearchYouTubeVC.swift in Sources */ = {isa = PBXBuildFile; fileRef = 1467D1572BBFFCE600C6D8EB /* SearchYouTubeVC.swift */; };
		1467D15A2BBFFD0300C6D8EB /* SearchYouTubeView.swift in Sources */ = {isa = PBXBuildFile; fileRef = 1467D1592BBFFD0300C6D8EB /* SearchYouTubeView.swift */; };
		1467D15C2BBFFD3100C6D8EB /* SearchYouTubeVM.swift in Sources */ = {isa = PBXBuildFile; fileRef = 1467D15B2BBFFD3100C6D8EB /* SearchYouTubeVM.swift */; };
		1467D1622BBFFDCE00C6D8EB /* DownloadsVideoVC.swift in Sources */ = {isa = PBXBuildFile; fileRef = 1467D1612BBFFDCE00C6D8EB /* DownloadsVideoVC.swift */; };
		1467D1642BBFFDE100C6D8EB /* DownloadsVideoView.swift in Sources */ = {isa = PBXBuildFile; fileRef = 1467D1632BBFFDE100C6D8EB /* DownloadsVideoView.swift */; };
		1467D1662BBFFDF700C6D8EB /* DownloadsVideoVM.swift in Sources */ = {isa = PBXBuildFile; fileRef = 1467D1652BBFFDF700C6D8EB /* DownloadsVideoVM.swift */; };
		14F7313A2BD5155E003020C4 /* MyNetworkManager.swift in Sources */ = {isa = PBXBuildFile; fileRef = 14F731392BD5155E003020C4 /* MyNetworkManager.swift */; };
		14F7313C2BD6AC71003020C4 /* YouTubeResponseJsonTypes.swift in Sources */ = {isa = PBXBuildFile; fileRef = 14F7313B2BD6AC71003020C4 /* YouTubeResponseJsonTypes.swift */; };
		14F731402BD6B71D003020C4 /* YouTubeiOSPlayerHelper in Frameworks */ = {isa = PBXBuildFile; productRef = 14F7313F2BD6B71D003020C4 /* YouTubeiOSPlayerHelper */; };
		14F731462BD7C4D2003020C4 /* YTVideoCell.swift in Sources */ = {isa = PBXBuildFile; fileRef = 14F731452BD7C4D2003020C4 /* YTVideoCell.swift */; };
		14F731492BD7D5F7003020C4 /* SearchYouTubeDataSource.swift in Sources */ = {isa = PBXBuildFile; fileRef = 14F731482BD7D5F7003020C4 /* SearchYouTubeDataSource.swift */; };
		14F7314C2BDA5C3E003020C4 /* ButtonCell.swift in Sources */ = {isa = PBXBuildFile; fileRef = 14F7314B2BDA5C3E003020C4 /* ButtonCell.swift */; };
		14F7314F2BDCFB72003020C4 /* NoneVideoInfoCell.swift in Sources */ = {isa = PBXBuildFile; fileRef = 14F7314E2BDCFB72003020C4 /* NoneVideoInfoCell.swift */; };
/* End PBXBuildFile section */

/* Begin PBXContainerItemProxy section */
		140774A22BBC007F0040642B /* PBXContainerItemProxy */ = {
			isa = PBXContainerItemProxy;
			containerPortal = 140774802BBC007D0040642B /* Project object */;
			proxyType = 1;
			remoteGlobalIDString = 140774872BBC007D0040642B;
			remoteInfo = "YouTube Dowmloader App";
		};
		140774AC2BBC007F0040642B /* PBXContainerItemProxy */ = {
			isa = PBXContainerItemProxy;
			containerPortal = 140774802BBC007D0040642B /* Project object */;
			proxyType = 1;
			remoteGlobalIDString = 140774872BBC007D0040642B;
			remoteInfo = "YouTube Dowmloader App";
		};
/* End PBXContainerItemProxy section */

/* Begin PBXFileReference section */
		140774882BBC007D0040642B /* YouTube Dowmloader App.app */ = {isa = PBXFileReference; explicitFileType = wrapper.application; includeInIndex = 0; path = "YouTube Dowmloader App.app"; sourceTree = BUILT_PRODUCTS_DIR; };
		1407748B2BBC007D0040642B /* AppDelegate.swift */ = {isa = PBXFileReference; lastKnownFileType = sourcecode.swift; path = AppDelegate.swift; sourceTree = "<group>"; };
		1407748D2BBC007D0040642B /* SceneDelegate.swift */ = {isa = PBXFileReference; lastKnownFileType = sourcecode.swift; path = SceneDelegate.swift; sourceTree = "<group>"; };
		1407748F2BBC007D0040642B /* URLDownloadVC.swift */ = {isa = PBXFileReference; lastKnownFileType = sourcecode.swift; path = URLDownloadVC.swift; sourceTree = "<group>"; };
		140774952BBC007D0040642B /* YouTube_Dowmloader_App.xcdatamodel */ = {isa = PBXFileReference; lastKnownFileType = wrapper.xcdatamodel; path = YouTube_Dowmloader_App.xcdatamodel; sourceTree = "<group>"; };
		140774972BBC007F0040642B /* Assets.xcassets */ = {isa = PBXFileReference; lastKnownFileType = folder.assetcatalog; path = Assets.xcassets; sourceTree = "<group>"; };
		1407749A2BBC007F0040642B /* Base */ = {isa = PBXFileReference; lastKnownFileType = file.storyboard; name = Base; path = Base.lproj/LaunchScreen.storyboard; sourceTree = "<group>"; };
		1407749C2BBC007F0040642B /* Info.plist */ = {isa = PBXFileReference; lastKnownFileType = text.plist.xml; path = Info.plist; sourceTree = "<group>"; };
		140774A12BBC007F0040642B /* YouTube Dowmloader AppTests.xctest */ = {isa = PBXFileReference; explicitFileType = wrapper.cfbundle; includeInIndex = 0; path = "YouTube Dowmloader AppTests.xctest"; sourceTree = BUILT_PRODUCTS_DIR; };
		140774A52BBC007F0040642B /* YouTube_Dowmloader_AppTests.swift */ = {isa = PBXFileReference; lastKnownFileType = sourcecode.swift; path = YouTube_Dowmloader_AppTests.swift; sourceTree = "<group>"; };
		140774AB2BBC007F0040642B /* YouTube Dowmloader AppUITests.xctest */ = {isa = PBXFileReference; explicitFileType = wrapper.cfbundle; includeInIndex = 0; path = "YouTube Dowmloader AppUITests.xctest"; sourceTree = BUILT_PRODUCTS_DIR; };
		140774AF2BBC007F0040642B /* YouTube_Dowmloader_AppUITests.swift */ = {isa = PBXFileReference; lastKnownFileType = sourcecode.swift; path = YouTube_Dowmloader_AppUITests.swift; sourceTree = "<group>"; };
		140774B12BBC007F0040642B /* YouTube_Dowmloader_AppUITestsLaunchTests.swift */ = {isa = PBXFileReference; lastKnownFileType = sourcecode.swift; path = YouTube_Dowmloader_AppUITestsLaunchTests.swift; sourceTree = "<group>"; };
		1467D14D2BBD94E900C6D8EB /* URLDownloadView.swift */ = {isa = PBXFileReference; lastKnownFileType = sourcecode.swift; path = URLDownloadView.swift; sourceTree = "<group>"; };
		1467D14F2BBD950E00C6D8EB /* URLDownloadVM.swift */ = {isa = PBXFileReference; lastKnownFileType = sourcecode.swift; path = URLDownloadVM.swift; sourceTree = "<group>"; };
		1467D1532BBFFA6B00C6D8EB /* TabBarController.swift */ = {isa = PBXFileReference; lastKnownFileType = sourcecode.swift; path = TabBarController.swift; sourceTree = "<group>"; };
		1467D1572BBFFCE600C6D8EB /* SearchYouTubeVC.swift */ = {isa = PBXFileReference; lastKnownFileType = sourcecode.swift; path = SearchYouTubeVC.swift; sourceTree = "<group>"; };
		1467D1592BBFFD0300C6D8EB /* SearchYouTubeView.swift */ = {isa = PBXFileReference; lastKnownFileType = sourcecode.swift; path = SearchYouTubeView.swift; sourceTree = "<group>"; };
		1467D15B2BBFFD3100C6D8EB /* SearchYouTubeVM.swift */ = {isa = PBXFileReference; lastKnownFileType = sourcecode.swift; path = SearchYouTubeVM.swift; sourceTree = "<group>"; };
		1467D1612BBFFDCE00C6D8EB /* DownloadsVideoVC.swift */ = {isa = PBXFileReference; lastKnownFileType = sourcecode.swift; path = DownloadsVideoVC.swift; sourceTree = "<group>"; };
		1467D1632BBFFDE100C6D8EB /* DownloadsVideoView.swift */ = {isa = PBXFileReference; lastKnownFileType = sourcecode.swift; path = DownloadsVideoView.swift; sourceTree = "<group>"; };
		1467D1652BBFFDF700C6D8EB /* DownloadsVideoVM.swift */ = {isa = PBXFileReference; lastKnownFileType = sourcecode.swift; path = DownloadsVideoVM.swift; sourceTree = "<group>"; };
		14F731392BD5155E003020C4 /* MyNetworkManager.swift */ = {isa = PBXFileReference; lastKnownFileType = sourcecode.swift; path = MyNetworkManager.swift; sourceTree = "<group>"; };
		14F7313B2BD6AC71003020C4 /* YouTubeResponseJsonTypes.swift */ = {isa = PBXFileReference; lastKnownFileType = sourcecode.swift; path = YouTubeResponseJsonTypes.swift; sourceTree = "<group>"; };
		14F731452BD7C4D2003020C4 /* YTVideoCell.swift */ = {isa = PBXFileReference; lastKnownFileType = sourcecode.swift; path = YTVideoCell.swift; sourceTree = "<group>"; };
		14F731482BD7D5F7003020C4 /* SearchYouTubeDataSource.swift */ = {isa = PBXFileReference; lastKnownFileType = sourcecode.swift; path = SearchYouTubeDataSource.swift; sourceTree = "<group>"; };
		14F7314B2BDA5C3E003020C4 /* ButtonCell.swift */ = {isa = PBXFileReference; lastKnownFileType = sourcecode.swift; path = ButtonCell.swift; sourceTree = "<group>"; };
		14F7314E2BDCFB72003020C4 /* NoneVideoInfoCell.swift */ = {isa = PBXFileReference; lastKnownFileType = sourcecode.swift; path = NoneVideoInfoCell.swift; sourceTree = "<group>"; };
/* End PBXFileReference section */

/* Begin PBXFrameworksBuildPhase section */
		140774852BBC007D0040642B /* Frameworks */ = {
			isa = PBXFrameworksBuildPhase;
			buildActionMask = 2147483647;
			files = (
				14F731402BD6B71D003020C4 /* YouTubeiOSPlayerHelper in Frameworks */,
			);
			runOnlyForDeploymentPostprocessing = 0;
		};
		1407749E2BBC007F0040642B /* Frameworks */ = {
			isa = PBXFrameworksBuildPhase;
			buildActionMask = 2147483647;
			files = (
			);
			runOnlyForDeploymentPostprocessing = 0;
		};
		140774A82BBC007F0040642B /* Frameworks */ = {
			isa = PBXFrameworksBuildPhase;
			buildActionMask = 2147483647;
			files = (
			);
			runOnlyForDeploymentPostprocessing = 0;
		};
/* End PBXFrameworksBuildPhase section */

/* Begin PBXGroup section */
		1407747F2BBC007D0040642B = {
			isa = PBXGroup;
			children = (
				1407748A2BBC007D0040642B /* YouTube Dowmloader App */,
				140774A42BBC007F0040642B /* YouTube Dowmloader AppTests */,
				140774AE2BBC007F0040642B /* YouTube Dowmloader AppUITests */,
				140774892BBC007D0040642B /* Products */,
			);
			sourceTree = "<group>";
		};
		140774892BBC007D0040642B /* Products */ = {
			isa = PBXGroup;
			children = (
				140774882BBC007D0040642B /* YouTube Dowmloader App.app */,
				140774A12BBC007F0040642B /* YouTube Dowmloader AppTests.xctest */,
				140774AB2BBC007F0040642B /* YouTube Dowmloader AppUITests.xctest */,
			);
			name = Products;
			sourceTree = "<group>";
		};
		1407748A2BBC007D0040642B /* YouTube Dowmloader App */ = {
			isa = PBXGroup;
			children = (
				1467D1472BBD6F8A00C6D8EB /* Solutions */,
				1467D1462BBD6F8200C6D8EB /* Resources */,
				1467D1452BBD6F7600C6D8EB /* Applicaton */,
			);
			path = "YouTube Dowmloader App";
			sourceTree = "<group>";
		};
		140774A42BBC007F0040642B /* YouTube Dowmloader AppTests */ = {
			isa = PBXGroup;
			children = (
				140774A52BBC007F0040642B /* YouTube_Dowmloader_AppTests.swift */,
			);
			path = "YouTube Dowmloader AppTests";
			sourceTree = "<group>";
		};
		140774AE2BBC007F0040642B /* YouTube Dowmloader AppUITests */ = {
			isa = PBXGroup;
			children = (
				140774AF2BBC007F0040642B /* YouTube_Dowmloader_AppUITests.swift */,
				140774B12BBC007F0040642B /* YouTube_Dowmloader_AppUITestsLaunchTests.swift */,
			);
			path = "YouTube Dowmloader AppUITests";
			sourceTree = "<group>";
		};
		1467D1452BBD6F7600C6D8EB /* Applicaton */ = {
			isa = PBXGroup;
			children = (
				1407748B2BBC007D0040642B /* AppDelegate.swift */,
				1407748D2BBC007D0040642B /* SceneDelegate.swift */,
			);
			path = Applicaton;
			sourceTree = "<group>";
		};
		1467D1462BBD6F8200C6D8EB /* Resources */ = {
			isa = PBXGroup;
			children = (
				140774972BBC007F0040642B /* Assets.xcassets */,
				140774992BBC007F0040642B /* LaunchScreen.storyboard */,
				1407749C2BBC007F0040642B /* Info.plist */,
			);
			path = Resources;
			sourceTree = "<group>";
		};
		1467D1472BBD6F8A00C6D8EB /* Solutions */ = {
			isa = PBXGroup;
			children = (
				14F7314D2BDCE8C7003020C4 /* VideoScreen */,
				1467D1512BBD955600C6D8EB /* Model */,
				1467D14C2BBD706400C6D8EB /* Settings Screen */,
				1467D14B2BBD704D00C6D8EB /* Downloads Video Screen */,
				1467D14A2BBD702C00C6D8EB /* Search Youtube Screen */,
				1467D1492BBD6FF100C6D8EB /* URL Dowloads Screen */,
			);
			path = Solutions;
			sourceTree = "<group>";
		};
		1467D1492BBD6FF100C6D8EB /* URL Dowloads Screen */ = {
			isa = PBXGroup;
			children = (
				1407748F2BBC007D0040642B /* URLDownloadVC.swift */,
				1467D14D2BBD94E900C6D8EB /* URLDownloadView.swift */,
				1467D14F2BBD950E00C6D8EB /* URLDownloadVM.swift */,
			);
			path = "URL Dowloads Screen";
			sourceTree = "<group>";
		};
		1467D14A2BBD702C00C6D8EB /* Search Youtube Screen */ = {
			isa = PBXGroup;
			children = (
				14F7314A2BDA5BD3003020C4 /* Cells */,
				1467D1572BBFFCE600C6D8EB /* SearchYouTubeVC.swift */,
				1467D1592BBFFD0300C6D8EB /* SearchYouTubeView.swift */,
				1467D15B2BBFFD3100C6D8EB /* SearchYouTubeVM.swift */,
				14F731482BD7D5F7003020C4 /* SearchYouTubeDataSource.swift */,
			);
			path = "Search Youtube Screen";
			sourceTree = "<group>";
		};
		1467D14B2BBD704D00C6D8EB /* Downloads Video Screen */ = {
			isa = PBXGroup;
			children = (
				1467D1612BBFFDCE00C6D8EB /* DownloadsVideoVC.swift */,
				1467D1632BBFFDE100C6D8EB /* DownloadsVideoView.swift */,
				1467D1652BBFFDF700C6D8EB /* DownloadsVideoVM.swift */,
			);
			path = "Downloads Video Screen";
			sourceTree = "<group>";
		};
		1467D14C2BBD706400C6D8EB /* Settings Screen */ = {
			isa = PBXGroup;
			children = (
			);
			path = "Settings Screen";
			sourceTree = "<group>";
		};
		1467D1512BBD955600C6D8EB /* Model */ = {
			isa = PBXGroup;
			children = (
				140774942BBC007D0040642B /* YouTube_Dowmloader_App.xcdatamodeld */,
				1467D1532BBFFA6B00C6D8EB /* TabBarController.swift */,
				14F731392BD5155E003020C4 /* MyNetworkManager.swift */,
				14F7313B2BD6AC71003020C4 /* YouTubeResponseJsonTypes.swift */,
			);
			path = Model;
			sourceTree = "<group>";
		};
		14F7314A2BDA5BD3003020C4 /* Cells */ = {
			isa = PBXGroup;
			children = (
				14F731452BD7C4D2003020C4 /* YTVideoCell.swift */,
				14F7314B2BDA5C3E003020C4 /* ButtonCell.swift */,
				14F7314E2BDCFB72003020C4 /* NoneVideoInfoCell.swift */,
			);
			path = Cells;
			sourceTree = "<group>";
		};
		14F7314D2BDCE8C7003020C4 /* VideoScreen */ = {
			isa = PBXGroup;
			children = (
			);
			path = VideoScreen;
			sourceTree = "<group>";
		};
/* End PBXGroup section */

/* Begin PBXNativeTarget section */
		140774872BBC007D0040642B /* YouTube Dowmloader App */ = {
			isa = PBXNativeTarget;
			buildConfigurationList = 140774B52BBC007F0040642B /* Build configuration list for PBXNativeTarget "YouTube Dowmloader App" */;
			buildPhases = (
				140774842BBC007D0040642B /* Sources */,
				140774852BBC007D0040642B /* Frameworks */,
				140774862BBC007D0040642B /* Resources */,
			);
			buildRules = (
			);
			dependencies = (
				140774C82BBC02070040642B /* PBXTargetDependency */,
			);
			name = "YouTube Dowmloader App";
			packageProductDependencies = (
				14F7313F2BD6B71D003020C4 /* YouTubeiOSPlayerHelper */,
			);
			productName = "YouTube Dowmloader App";
			productReference = 140774882BBC007D0040642B /* YouTube Dowmloader App.app */;
			productType = "com.apple.product-type.application";
		};
		140774A02BBC007F0040642B /* YouTube Dowmloader AppTests */ = {
			isa = PBXNativeTarget;
			buildConfigurationList = 140774B82BBC007F0040642B /* Build configuration list for PBXNativeTarget "YouTube Dowmloader AppTests" */;
			buildPhases = (
				1407749D2BBC007F0040642B /* Sources */,
				1407749E2BBC007F0040642B /* Frameworks */,
				1407749F2BBC007F0040642B /* Resources */,
			);
			buildRules = (
			);
			dependencies = (
				140774A32BBC007F0040642B /* PBXTargetDependency */,
			);
			name = "YouTube Dowmloader AppTests";
			productName = "YouTube Dowmloader AppTests";
			productReference = 140774A12BBC007F0040642B /* YouTube Dowmloader AppTests.xctest */;
			productType = "com.apple.product-type.bundle.unit-test";
		};
		140774AA2BBC007F0040642B /* YouTube Dowmloader AppUITests */ = {
			isa = PBXNativeTarget;
			buildConfigurationList = 140774BB2BBC007F0040642B /* Build configuration list for PBXNativeTarget "YouTube Dowmloader AppUITests" */;
			buildPhases = (
				140774A72BBC007F0040642B /* Sources */,
				140774A82BBC007F0040642B /* Frameworks */,
				140774A92BBC007F0040642B /* Resources */,
			);
			buildRules = (
			);
			dependencies = (
				140774AD2BBC007F0040642B /* PBXTargetDependency */,
			);
			name = "YouTube Dowmloader AppUITests";
			productName = "YouTube Dowmloader AppUITests";
			productReference = 140774AB2BBC007F0040642B /* YouTube Dowmloader AppUITests.xctest */;
			productType = "com.apple.product-type.bundle.ui-testing";
		};
/* End PBXNativeTarget section */

/* Begin PBXProject section */
		140774802BBC007D0040642B /* Project object */ = {
			isa = PBXProject;
			attributes = {
				BuildIndependentTargetsInParallel = 1;
				LastSwiftUpdateCheck = 1530;
				LastUpgradeCheck = 1530;
				TargetAttributes = {
					140774872BBC007D0040642B = {
						CreatedOnToolsVersion = 15.3;
					};
					140774A02BBC007F0040642B = {
						CreatedOnToolsVersion = 15.3;
						TestTargetID = 140774872BBC007D0040642B;
					};
					140774AA2BBC007F0040642B = {
						CreatedOnToolsVersion = 15.3;
						TestTargetID = 140774872BBC007D0040642B;
					};
				};
			};
			buildConfigurationList = 140774832BBC007D0040642B /* Build configuration list for PBXProject "YouTube Dowmloader App" */;
			compatibilityVersion = "Xcode 15.3";
			developmentRegion = en;
			hasScannedForEncodings = 0;
			knownRegions = (
				en,
				Base,
			);
			mainGroup = 1407747F2BBC007D0040642B;
			packageReferences = (
				140774BE2BBC00D00040642B /* XCRemoteSwiftPackageReference "SwiftLint" */,
				14F7313E2BD6B71D003020C4 /* XCRemoteSwiftPackageReference "youtube-ios-player-helper" */,
			);
			productRefGroup = 140774892BBC007D0040642B /* Products */;
			projectDirPath = "";
			projectRoot = "";
			targets = (
				140774872BBC007D0040642B /* YouTube Dowmloader App */,
				140774A02BBC007F0040642B /* YouTube Dowmloader AppTests */,
				140774AA2BBC007F0040642B /* YouTube Dowmloader AppUITests */,
			);
		};
/* End PBXProject section */

/* Begin PBXResourcesBuildPhase section */
		140774862BBC007D0040642B /* Resources */ = {
			isa = PBXResourcesBuildPhase;
			buildActionMask = 2147483647;
			files = (
				140774982BBC007F0040642B /* Assets.xcassets in Resources */,
				1407749B2BBC007F0040642B /* Base in Resources */,
			);
			runOnlyForDeploymentPostprocessing = 0;
		};
		1407749F2BBC007F0040642B /* Resources */ = {
			isa = PBXResourcesBuildPhase;
			buildActionMask = 2147483647;
			files = (
			);
			runOnlyForDeploymentPostprocessing = 0;
		};
		140774A92BBC007F0040642B /* Resources */ = {
			isa = PBXResourcesBuildPhase;
			buildActionMask = 2147483647;
			files = (
			);
			runOnlyForDeploymentPostprocessing = 0;
		};
/* End PBXResourcesBuildPhase section */

/* Begin PBXSourcesBuildPhase section */
		140774842BBC007D0040642B /* Sources */ = {
			isa = PBXSourcesBuildPhase;
			buildActionMask = 2147483647;
			files = (
				140774902BBC007D0040642B /* URLDownloadVC.swift in Sources */,
				1467D15A2BBFFD0300C6D8EB /* SearchYouTubeView.swift in Sources */,
				1467D15C2BBFFD3100C6D8EB /* SearchYouTubeVM.swift in Sources */,
				1467D14E2BBD94E900C6D8EB /* URLDownloadView.swift in Sources */,
				1467D1502BBD950E00C6D8EB /* URLDownloadVM.swift in Sources */,
				14F7314F2BDCFB72003020C4 /* NoneVideoInfoCell.swift in Sources */,
				14F731492BD7D5F7003020C4 /* SearchYouTubeDataSource.swift in Sources */,
				140774962BBC007D0040642B /* YouTube_Dowmloader_App.xcdatamodeld in Sources */,
				1467D1582BBFFCE600C6D8EB /* SearchYouTubeVC.swift in Sources */,
				1467D1542BBFFA6C00C6D8EB /* TabBarController.swift in Sources */,
				1467D1662BBFFDF700C6D8EB /* DownloadsVideoVM.swift in Sources */,
				14F7313C2BD6AC71003020C4 /* YouTubeResponseJsonTypes.swift in Sources */,
				14F7314C2BDA5C3E003020C4 /* ButtonCell.swift in Sources */,
				1467D1642BBFFDE100C6D8EB /* DownloadsVideoView.swift in Sources */,
				14F7313A2BD5155E003020C4 /* MyNetworkManager.swift in Sources */,
				1407748C2BBC007D0040642B /* AppDelegate.swift in Sources */,
				14F731462BD7C4D2003020C4 /* YTVideoCell.swift in Sources */,
				1407748E2BBC007D0040642B /* SceneDelegate.swift in Sources */,
				1467D1622BBFFDCE00C6D8EB /* DownloadsVideoVC.swift in Sources */,
			);
			runOnlyForDeploymentPostprocessing = 0;
		};
		1407749D2BBC007F0040642B /* Sources */ = {
			isa = PBXSourcesBuildPhase;
			buildActionMask = 2147483647;
			files = (
				140774A62BBC007F0040642B /* YouTube_Dowmloader_AppTests.swift in Sources */,
			);
			runOnlyForDeploymentPostprocessing = 0;
		};
		140774A72BBC007F0040642B /* Sources */ = {
			isa = PBXSourcesBuildPhase;
			buildActionMask = 2147483647;
			files = (
				140774B22BBC007F0040642B /* YouTube_Dowmloader_AppUITestsLaunchTests.swift in Sources */,
				140774B02BBC007F0040642B /* YouTube_Dowmloader_AppUITests.swift in Sources */,
			);
			runOnlyForDeploymentPostprocessing = 0;
		};
/* End PBXSourcesBuildPhase section */

/* Begin PBXTargetDependency section */
		140774A32BBC007F0040642B /* PBXTargetDependency */ = {
			isa = PBXTargetDependency;
			target = 140774872BBC007D0040642B /* YouTube Dowmloader App */;
			targetProxy = 140774A22BBC007F0040642B /* PBXContainerItemProxy */;
		};
		140774AD2BBC007F0040642B /* PBXTargetDependency */ = {
			isa = PBXTargetDependency;
			target = 140774872BBC007D0040642B /* YouTube Dowmloader App */;
			targetProxy = 140774AC2BBC007F0040642B /* PBXContainerItemProxy */;
		};
		140774C82BBC02070040642B /* PBXTargetDependency */ = {
			isa = PBXTargetDependency;
			productRef = 140774C72BBC02070040642B /* SwiftLintPlugin */;
		};
/* End PBXTargetDependency section */

/* Begin PBXVariantGroup section */
		140774992BBC007F0040642B /* LaunchScreen.storyboard */ = {
			isa = PBXVariantGroup;
			children = (
				1407749A2BBC007F0040642B /* Base */,
			);
			name = LaunchScreen.storyboard;
			sourceTree = "<group>";
		};
/* End PBXVariantGroup section */

/* Begin XCBuildConfiguration section */
		140774B32BBC007F0040642B /* Debug */ = {
			isa = XCBuildConfiguration;
			buildSettings = {
				ALWAYS_SEARCH_USER_PATHS = NO;
				ASSETCATALOG_COMPILER_GENERATE_SWIFT_ASSET_SYMBOL_EXTENSIONS = YES;
				CLANG_ANALYZER_NONNULL = YES;
				CLANG_ANALYZER_NUMBER_OBJECT_CONVERSION = YES_AGGRESSIVE;
				CLANG_CXX_LANGUAGE_STANDARD = "gnu++20";
				CLANG_ENABLE_MODULES = YES;
				CLANG_ENABLE_OBJC_ARC = YES;
				CLANG_ENABLE_OBJC_WEAK = YES;
				CLANG_WARN_BLOCK_CAPTURE_AUTORELEASING = YES;
				CLANG_WARN_BOOL_CONVERSION = YES;
				CLANG_WARN_COMMA = YES;
				CLANG_WARN_CONSTANT_CONVERSION = YES;
				CLANG_WARN_DEPRECATED_OBJC_IMPLEMENTATIONS = YES;
				CLANG_WARN_DIRECT_OBJC_ISA_USAGE = YES_ERROR;
				CLANG_WARN_DOCUMENTATION_COMMENTS = YES;
				CLANG_WARN_EMPTY_BODY = YES;
				CLANG_WARN_ENUM_CONVERSION = YES;
				CLANG_WARN_INFINITE_RECURSION = YES;
				CLANG_WARN_INT_CONVERSION = YES;
				CLANG_WARN_NON_LITERAL_NULL_CONVERSION = YES;
				CLANG_WARN_OBJC_IMPLICIT_RETAIN_SELF = YES;
				CLANG_WARN_OBJC_LITERAL_CONVERSION = YES;
				CLANG_WARN_OBJC_ROOT_CLASS = YES_ERROR;
				CLANG_WARN_QUOTED_INCLUDE_IN_FRAMEWORK_HEADER = YES;
				CLANG_WARN_RANGE_LOOP_ANALYSIS = YES;
				CLANG_WARN_STRICT_PROTOTYPES = YES;
				CLANG_WARN_SUSPICIOUS_MOVE = YES;
				CLANG_WARN_UNGUARDED_AVAILABILITY = YES_AGGRESSIVE;
				CLANG_WARN_UNREACHABLE_CODE = YES;
				CLANG_WARN__DUPLICATE_METHOD_MATCH = YES;
				COPY_PHASE_STRIP = NO;
				DEBUG_INFORMATION_FORMAT = dwarf;
				ENABLE_STRICT_OBJC_MSGSEND = YES;
				ENABLE_TESTABILITY = YES;
				ENABLE_USER_SCRIPT_SANDBOXING = YES;
				GCC_C_LANGUAGE_STANDARD = gnu17;
				GCC_DYNAMIC_NO_PIC = NO;
				GCC_NO_COMMON_BLOCKS = YES;
				GCC_OPTIMIZATION_LEVEL = 0;
				GCC_PREPROCESSOR_DEFINITIONS = (
					"DEBUG=1",
					"$(inherited)",
				);
				GCC_WARN_64_TO_32_BIT_CONVERSION = YES;
				GCC_WARN_ABOUT_RETURN_TYPE = YES_ERROR;
				GCC_WARN_UNDECLARED_SELECTOR = YES;
				GCC_WARN_UNINITIALIZED_AUTOS = YES_AGGRESSIVE;
				GCC_WARN_UNUSED_FUNCTION = YES;
				GCC_WARN_UNUSED_VARIABLE = YES;
				IPHONEOS_DEPLOYMENT_TARGET = 17.4;
				LOCALIZATION_PREFERS_STRING_CATALOGS = YES;
				MTL_ENABLE_DEBUG_INFO = INCLUDE_SOURCE;
				MTL_FAST_MATH = YES;
				ONLY_ACTIVE_ARCH = YES;
				SDKROOT = iphoneos;
				SWIFT_ACTIVE_COMPILATION_CONDITIONS = "DEBUG $(inherited)";
				SWIFT_OPTIMIZATION_LEVEL = "-Onone";
			};
			name = Debug;
		};
		140774B42BBC007F0040642B /* Release */ = {
			isa = XCBuildConfiguration;
			buildSettings = {
				ALWAYS_SEARCH_USER_PATHS = NO;
				ASSETCATALOG_COMPILER_GENERATE_SWIFT_ASSET_SYMBOL_EXTENSIONS = YES;
				CLANG_ANALYZER_NONNULL = YES;
				CLANG_ANALYZER_NUMBER_OBJECT_CONVERSION = YES_AGGRESSIVE;
				CLANG_CXX_LANGUAGE_STANDARD = "gnu++20";
				CLANG_ENABLE_MODULES = YES;
				CLANG_ENABLE_OBJC_ARC = YES;
				CLANG_ENABLE_OBJC_WEAK = YES;
				CLANG_WARN_BLOCK_CAPTURE_AUTORELEASING = YES;
				CLANG_WARN_BOOL_CONVERSION = YES;
				CLANG_WARN_COMMA = YES;
				CLANG_WARN_CONSTANT_CONVERSION = YES;
				CLANG_WARN_DEPRECATED_OBJC_IMPLEMENTATIONS = YES;
				CLANG_WARN_DIRECT_OBJC_ISA_USAGE = YES_ERROR;
				CLANG_WARN_DOCUMENTATION_COMMENTS = YES;
				CLANG_WARN_EMPTY_BODY = YES;
				CLANG_WARN_ENUM_CONVERSION = YES;
				CLANG_WARN_INFINITE_RECURSION = YES;
				CLANG_WARN_INT_CONVERSION = YES;
				CLANG_WARN_NON_LITERAL_NULL_CONVERSION = YES;
				CLANG_WARN_OBJC_IMPLICIT_RETAIN_SELF = YES;
				CLANG_WARN_OBJC_LITERAL_CONVERSION = YES;
				CLANG_WARN_OBJC_ROOT_CLASS = YES_ERROR;
				CLANG_WARN_QUOTED_INCLUDE_IN_FRAMEWORK_HEADER = YES;
				CLANG_WARN_RANGE_LOOP_ANALYSIS = YES;
				CLANG_WARN_STRICT_PROTOTYPES = YES;
				CLANG_WARN_SUSPICIOUS_MOVE = YES;
				CLANG_WARN_UNGUARDED_AVAILABILITY = YES_AGGRESSIVE;
				CLANG_WARN_UNREACHABLE_CODE = YES;
				CLANG_WARN__DUPLICATE_METHOD_MATCH = YES;
				COPY_PHASE_STRIP = NO;
				DEBUG_INFORMATION_FORMAT = "dwarf-with-dsym";
				ENABLE_NS_ASSERTIONS = NO;
				ENABLE_STRICT_OBJC_MSGSEND = YES;
				ENABLE_USER_SCRIPT_SANDBOXING = YES;
				GCC_C_LANGUAGE_STANDARD = gnu17;
				GCC_NO_COMMON_BLOCKS = YES;
				GCC_WARN_64_TO_32_BIT_CONVERSION = YES;
				GCC_WARN_ABOUT_RETURN_TYPE = YES_ERROR;
				GCC_WARN_UNDECLARED_SELECTOR = YES;
				GCC_WARN_UNINITIALIZED_AUTOS = YES_AGGRESSIVE;
				GCC_WARN_UNUSED_FUNCTION = YES;
				GCC_WARN_UNUSED_VARIABLE = YES;
				IPHONEOS_DEPLOYMENT_TARGET = 17.4;
				LOCALIZATION_PREFERS_STRING_CATALOGS = YES;
				MTL_ENABLE_DEBUG_INFO = NO;
				MTL_FAST_MATH = YES;
				SDKROOT = iphoneos;
				SWIFT_COMPILATION_MODE = wholemodule;
				VALIDATE_PRODUCT = YES;
			};
			name = Release;
		};
		140774B62BBC007F0040642B /* Debug */ = {
			isa = XCBuildConfiguration;
			buildSettings = {
				ASSETCATALOG_COMPILER_APPICON_NAME = AppIcon;
				ASSETCATALOG_COMPILER_GLOBAL_ACCENT_COLOR_NAME = AccentColor;
				CODE_SIGN_STYLE = Automatic;
				CURRENT_PROJECT_VERSION = 1;
				GENERATE_INFOPLIST_FILE = YES;
				INFOPLIST_FILE = "YouTube Dowmloader App/Resources/info.plist";
				INFOPLIST_KEY_UIApplicationSupportsIndirectInputEvents = YES;
				INFOPLIST_KEY_UILaunchStoryboardName = LaunchScreen;
				INFOPLIST_KEY_UISupportedInterfaceOrientations_iPad = "UIInterfaceOrientationPortrait UIInterfaceOrientationPortraitUpsideDown UIInterfaceOrientationLandscapeLeft UIInterfaceOrientationLandscapeRight";
				INFOPLIST_KEY_UISupportedInterfaceOrientations_iPhone = "UIInterfaceOrientationPortrait UIInterfaceOrientationLandscapeLeft UIInterfaceOrientationLandscapeRight";
				LD_RUNPATH_SEARCH_PATHS = (
					"$(inherited)",
					"@executable_path/Frameworks",
				);
				MARKETING_VERSION = 1.0;
				PRODUCT_BUNDLE_IDENTIFIER = "ww.YouTube-Dowmloader-App";
				PRODUCT_NAME = "$(TARGET_NAME)";
				SWIFT_EMIT_LOC_STRINGS = YES;
				SWIFT_VERSION = 5.0;
				TARGETED_DEVICE_FAMILY = "1,2";
			};
			name = Debug;
		};
		140774B72BBC007F0040642B /* Release */ = {
			isa = XCBuildConfiguration;
			buildSettings = {
				ASSETCATALOG_COMPILER_APPICON_NAME = AppIcon;
				ASSETCATALOG_COMPILER_GLOBAL_ACCENT_COLOR_NAME = AccentColor;
				CODE_SIGN_STYLE = Automatic;
				CURRENT_PROJECT_VERSION = 1;
				GENERATE_INFOPLIST_FILE = YES;
				INFOPLIST_FILE = "YouTube Dowmloader App/Resources/info.plist";
				INFOPLIST_KEY_UIApplicationSupportsIndirectInputEvents = YES;
				INFOPLIST_KEY_UILaunchStoryboardName = LaunchScreen;
				INFOPLIST_KEY_UISupportedInterfaceOrientations_iPad = "UIInterfaceOrientationPortrait UIInterfaceOrientationPortraitUpsideDown UIInterfaceOrientationLandscapeLeft UIInterfaceOrientationLandscapeRight";
				INFOPLIST_KEY_UISupportedInterfaceOrientations_iPhone = "UIInterfaceOrientationPortrait UIInterfaceOrientationLandscapeLeft UIInterfaceOrientationLandscapeRight";
				LD_RUNPATH_SEARCH_PATHS = (
					"$(inherited)",
					"@executable_path/Frameworks",
				);
				MARKETING_VERSION = 1.0;
				PRODUCT_BUNDLE_IDENTIFIER = "ww.YouTube-Dowmloader-App";
				PRODUCT_NAME = "$(TARGET_NAME)";
				SWIFT_EMIT_LOC_STRINGS = YES;
				SWIFT_VERSION = 5.0;
				TARGETED_DEVICE_FAMILY = "1,2";
			};
			name = Release;
		};
		140774B92BBC007F0040642B /* Debug */ = {
			isa = XCBuildConfiguration;
			buildSettings = {
				ALWAYS_EMBED_SWIFT_STANDARD_LIBRARIES = YES;
				BUNDLE_LOADER = "$(TEST_HOST)";
				CODE_SIGN_STYLE = Automatic;
				CURRENT_PROJECT_VERSION = 1;
				GENERATE_INFOPLIST_FILE = YES;
				IPHONEOS_DEPLOYMENT_TARGET = 17.4;
				MARKETING_VERSION = 1.0;
				PRODUCT_BUNDLE_IDENTIFIER = "ww.YouTube-Dowmloader-AppTests";
				PRODUCT_NAME = "$(TARGET_NAME)";
				SWIFT_EMIT_LOC_STRINGS = NO;
				SWIFT_VERSION = 5.0;
				TARGETED_DEVICE_FAMILY = "1,2";
				TEST_HOST = "$(BUILT_PRODUCTS_DIR)/YouTube Dowmloader App.app/$(BUNDLE_EXECUTABLE_FOLDER_PATH)/YouTube Dowmloader App";
			};
			name = Debug;
		};
		140774BA2BBC007F0040642B /* Release */ = {
			isa = XCBuildConfiguration;
			buildSettings = {
				ALWAYS_EMBED_SWIFT_STANDARD_LIBRARIES = YES;
				BUNDLE_LOADER = "$(TEST_HOST)";
				CODE_SIGN_STYLE = Automatic;
				CURRENT_PROJECT_VERSION = 1;
				GENERATE_INFOPLIST_FILE = YES;
				IPHONEOS_DEPLOYMENT_TARGET = 17.4;
				MARKETING_VERSION = 1.0;
				PRODUCT_BUNDLE_IDENTIFIER = "ww.YouTube-Dowmloader-AppTests";
				PRODUCT_NAME = "$(TARGET_NAME)";
				SWIFT_EMIT_LOC_STRINGS = NO;
				SWIFT_VERSION = 5.0;
				TARGETED_DEVICE_FAMILY = "1,2";
				TEST_HOST = "$(BUILT_PRODUCTS_DIR)/YouTube Dowmloader App.app/$(BUNDLE_EXECUTABLE_FOLDER_PATH)/YouTube Dowmloader App";
			};
			name = Release;
		};
		140774BC2BBC007F0040642B /* Debug */ = {
			isa = XCBuildConfiguration;
			buildSettings = {
				ALWAYS_EMBED_SWIFT_STANDARD_LIBRARIES = YES;
				CODE_SIGN_STYLE = Automatic;
				CURRENT_PROJECT_VERSION = 1;
				GENERATE_INFOPLIST_FILE = YES;
				MARKETING_VERSION = 1.0;
				PRODUCT_BUNDLE_IDENTIFIER = "ww.YouTube-Dowmloader-AppUITests";
				PRODUCT_NAME = "$(TARGET_NAME)";
				SWIFT_EMIT_LOC_STRINGS = NO;
				SWIFT_VERSION = 5.0;
				TARGETED_DEVICE_FAMILY = "1,2";
				TEST_TARGET_NAME = "YouTube Dowmloader App";
			};
			name = Debug;
		};
		140774BD2BBC007F0040642B /* Release */ = {
			isa = XCBuildConfiguration;
			buildSettings = {
				ALWAYS_EMBED_SWIFT_STANDARD_LIBRARIES = YES;
				CODE_SIGN_STYLE = Automatic;
				CURRENT_PROJECT_VERSION = 1;
				GENERATE_INFOPLIST_FILE = YES;
				MARKETING_VERSION = 1.0;
				PRODUCT_BUNDLE_IDENTIFIER = "ww.YouTube-Dowmloader-AppUITests";
				PRODUCT_NAME = "$(TARGET_NAME)";
				SWIFT_EMIT_LOC_STRINGS = NO;
				SWIFT_VERSION = 5.0;
				TARGETED_DEVICE_FAMILY = "1,2";
				TEST_TARGET_NAME = "YouTube Dowmloader App";
			};
			name = Release;
		};
/* End XCBuildConfiguration section */

/* Begin XCConfigurationList section */
		140774832BBC007D0040642B /* Build configuration list for PBXProject "YouTube Dowmloader App" */ = {
			isa = XCConfigurationList;
			buildConfigurations = (
				140774B32BBC007F0040642B /* Debug */,
				140774B42BBC007F0040642B /* Release */,
			);
			defaultConfigurationIsVisible = 0;
			defaultConfigurationName = Release;
		};
		140774B52BBC007F0040642B /* Build configuration list for PBXNativeTarget "YouTube Dowmloader App" */ = {
			isa = XCConfigurationList;
			buildConfigurations = (
				140774B62BBC007F0040642B /* Debug */,
				140774B72BBC007F0040642B /* Release */,
			);
			defaultConfigurationIsVisible = 0;
			defaultConfigurationName = Release;
		};
		140774B82BBC007F0040642B /* Build configuration list for PBXNativeTarget "YouTube Dowmloader AppTests" */ = {
			isa = XCConfigurationList;
			buildConfigurations = (
				140774B92BBC007F0040642B /* Debug */,
				140774BA2BBC007F0040642B /* Release */,
			);
			defaultConfigurationIsVisible = 0;
			defaultConfigurationName = Release;
		};
		140774BB2BBC007F0040642B /* Build configuration list for PBXNativeTarget "YouTube Dowmloader AppUITests" */ = {
			isa = XCConfigurationList;
			buildConfigurations = (
				140774BC2BBC007F0040642B /* Debug */,
				140774BD2BBC007F0040642B /* Release */,
			);
			defaultConfigurationIsVisible = 0;
			defaultConfigurationName = Release;
		};
/* End XCConfigurationList section */

/* Begin XCRemoteSwiftPackageReference section */
		140774BE2BBC00D00040642B /* XCRemoteSwiftPackageReference "SwiftLint" */ = {
			isa = XCRemoteSwiftPackageReference;
			repositoryURL = "https://github.com/realm/SwiftLint";
			requirement = {
				kind = upToNextMajorVersion;
				minimumVersion = 0.54.0;
			};
		};
		14F7313E2BD6B71D003020C4 /* XCRemoteSwiftPackageReference "youtube-ios-player-helper" */ = {
			isa = XCRemoteSwiftPackageReference;
			repositoryURL = "https://github.com/youtube/youtube-ios-player-helper.git";
			requirement = {
				kind = upToNextMajorVersion;
				minimumVersion = 1.0.4;
			};
		};
/* End XCRemoteSwiftPackageReference section */

/* Begin XCSwiftPackageProductDependency section */
		140774C72BBC02070040642B /* SwiftLintPlugin */ = {
			isa = XCSwiftPackageProductDependency;
			package = 140774BE2BBC00D00040642B /* XCRemoteSwiftPackageReference "SwiftLint" */;
			productName = "plugin:SwiftLintPlugin";
		};
		14F7313F2BD6B71D003020C4 /* YouTubeiOSPlayerHelper */ = {
			isa = XCSwiftPackageProductDependency;
			package = 14F7313E2BD6B71D003020C4 /* XCRemoteSwiftPackageReference "youtube-ios-player-helper" */;
			productName = YouTubeiOSPlayerHelper;
		};
/* End XCSwiftPackageProductDependency section */

/* Begin XCVersionGroup section */
		140774942BBC007D0040642B /* YouTube_Dowmloader_App.xcdatamodeld */ = {
			isa = XCVersionGroup;
			children = (
				140774952BBC007D0040642B /* YouTube_Dowmloader_App.xcdatamodel */,
			);
			currentVersion = 140774952BBC007D0040642B /* YouTube_Dowmloader_App.xcdatamodel */;
			path = YouTube_Dowmloader_App.xcdatamodeld;
			sourceTree = "<group>";
			versionGroupType = wrapper.xcdatamodel;
		};
/* End XCVersionGroup section */
	};
	rootObject = 140774802BBC007D0040642B /* Project object */;
}
